{
  "version": 4,
  "terraform_version": "1.2.2",
  "serial": 333,
  "lineage": "6d982272-b46a-bd4d-945c-b60e0d8100df",
  "outputs": {
    "running_liberty": {
      "value": [
        {
          "id": "4be026b9-5a8a-4c70-8a4c-08d315aef72d",
          "instance_id": "8a9fd1ef-6087-4fba-9611-c9d799708c58",
          "running_liberty": "https://172.16.31.56:9028",
          "software_instance_external_name": "WLP_LOCAL_X03",
          "template_name": "xyy0804"
        },
        {
          "id": "20aca262-c752-4349-a408-88aba344a418",
          "instance_id": "42901e48-9844-4bbd-bc87-77cd595d32e3",
          "running_liberty": "https://172.16.31.56:9029",
          "software_instance_external_name": "WLP_LOCAL_X05",
          "template_name": "xyy0804"
        }
      ],
      "type": [
        "tuple",
        [
          [
            "object",
            {
              "id": "string",
              "instance_id": "string",
              "running_liberty": "string",
              "software_instance_external_name": "string",
              "template_name": "string"
            }
          ],
          [
            "object",
            {
              "id": "string",
              "instance_id": "string",
              "running_liberty": "string",
              "software_instance_external_name": "string",
              "template_name": "string"
            }
          ]
        ]
      ]
    }
  },
  "resources": [
    {
      "mode": "managed",
      "type": "zosmf_resource_liberty",
      "name": "resourceLiberty",
      "provider": "provider[\"registry.terraform.io/dlut/example\"]",
      "instances": [
        {
          "index_key": 0,
          "schema_version": 0,
          "attributes": {
            "id": "4be026b9-5a8a-4c70-8a4c-08d315aef72d",
            "instance_id": "8a9fd1ef-6087-4fba-9611-c9d799708c58",
            "running_liberty": "https://172.16.31.56:9028",
            "software_instance_external_name": "WLP_LOCAL_X03",
            "template_name": "xyy0804"
          },
          "sensitive_attributes": [],
          "private": "bnVsbA=="
        },
        {
          "index_key": 1,
          "schema_version": 0,
          "attributes": {
            "id": "20aca262-c752-4349-a408-88aba344a418",
            "instance_id": "42901e48-9844-4bbd-bc87-77cd595d32e3",
            "running_liberty": "https://172.16.31.56:9029",
            "software_instance_external_name": "WLP_LOCAL_X05",
            "template_name": "xyy0804"
          },
          "sensitive_attributes": [],
          "private": "bnVsbA=="
        }
      ]
    }
  ]
}
