{
  "version": 4,
  "terraform_version": "1.2.2",
  "serial": 362,
  "lineage": "6d982272-b46a-bd4d-945c-b60e0d8100df",
  "outputs": {
    "running_liberty": {
      "value": {
        "id": "27c64697-a793-442d-a6a2-a6dc48e005ee",
        "instance_id": "6b3371c2-7c11-4b6e-9c57-1bda79e3fe38",
        "liberty_count": 1,
        "running_liberty": null,
        "software_instance_external_name": "WLP_LOCAL_X0B",
        "template_name": "xyy0804"
      },
      "type": [
        "object",
        {
          "id": "string",
          "instance_id": "string",
          "liberty_count": "number",
          "running_liberty": "string",
          "software_instance_external_name": "string",
          "template_name": "string"
        }
      ]
    }
  },
  "resources": [
    {
      "mode": "managed",
      "type": "zosmf_resource_liberty",
      "name": "resourceLiberty",
      "provider": "provider[\"registry.terraform.io/dlut/example\"]",
      "instances": [
        {
          "schema_version": 0,
          "attributes": {
            "id": "27c64697-a793-442d-a6a2-a6dc48e005ee",
            "instance_id": "6b3371c2-7c11-4b6e-9c57-1bda79e3fe38",
            "liberty_count": 1,
            "running_liberty": null,
            "software_instance_external_name": "WLP_LOCAL_X0B",
            "template_name": "xyy0804"
          },
          "sensitive_attributes": [],
          "private": "bnVsbA=="
        }
      ]
    }
  ]
}
