{
  "version": 4,
  "terraform_version": "1.2.2",
  "serial": 366,
  "lineage": "6d982272-b46a-bd4d-945c-b60e0d8100df",
  "outputs": {
    "running_liberty": {
      "value": {
        "id": "c9bd9fe5-0767-4489-bb67-e940cbb2224c",
        "instance_id": "2b9365cd-12d7-4fa5-8a7d-69a44c0d5b2a",
        "liberty_count": 1,
        "running_liberty": null,
        "software_instance_external_name": "WLP_LOCAL_X0D",
        "template_name": "xyy0804"
      },
      "type": [
        "object",
        {
          "id": "string",
          "instance_id": "string",
          "liberty_count": "number",
          "running_liberty": "string",
          "software_instance_external_name": "string",
          "template_name": "string"
        }
      ]
    }
  },
  "resources": [
    {
      "mode": "managed",
      "type": "zosmf_resource_liberty",
      "name": "resourceLiberty",
      "provider": "provider[\"registry.terraform.io/dlut/example\"]",
      "instances": [
        {
          "schema_version": 0,
          "attributes": {
            "id": "c9bd9fe5-0767-4489-bb67-e940cbb2224c",
            "instance_id": "2b9365cd-12d7-4fa5-8a7d-69a44c0d5b2a",
            "liberty_count": 1,
            "running_liberty": null,
            "software_instance_external_name": "WLP_LOCAL_X0D",
            "template_name": "xyy0804"
          },
          "sensitive_attributes": [],
          "private": "bnVsbA=="
        }
      ]
    }
  ]
}
